
Microsoft Visual Studio Solution File, Format Version 12.00
# Visual Studio Version 17
VisualStudioVersion = 17.0.32014.148
MinimumVisualStudioVersion = 10.0.40219.1
Project("{FAE04EC0-301F-11D3-BF4B-00C04F79EFBC}") = "RecursionDemo", "RecursionDemo.csproj", "{B4D0D646-CA47-41D6-9B0B-93EEF635FA37}"
EndProject
Project("{FAE04EC0-301F-11D3-BF4B-00C04F79EFBC}") = "RecursionDemoTests", "..\RecursionDemoTests\RecursionDemoTests.csproj", "{90C17985-EFDA-47DC-9C89-C4BB9F7E2C68}"
EndProject
Project("{2150E333-8FDC-42A3-9474-1A3956D46DE8}") = "Solution Items", "Solution Items", "{0665C915-A726-4E29-A0A5-B07C4B524457}"
	ProjectSection(SolutionItems) = preProject
		..\.gitignore = ..\.gitignore
		..\README.md = ..\README.md
	EndProjectSection
EndProject
Global
	GlobalSection(SolutionConfigurationPlatforms) = preSolution
		Debug|Any CPU = Debug|Any CPU
		Release|Any CPU = Release|Any CPU
	EndGlobalSection
	GlobalSection(ProjectConfigurationPlatforms) = postSolution
		{B4D0D646-CA47-41D6-9B0B-93EEF635FA37}.Debug|Any CPU.ActiveCfg = Debug|Any CPU
		{B4D0D646-CA47-41D6-9B0B-93EEF635FA37}.Debug|Any CPU.Build.0 = Debug|Any CPU
		{B4D0D646-CA47-41D6-9B0B-93EEF635FA37}.Release|Any CPU.ActiveCfg = Release|Any CPU
		{B4D0D646-CA47-41D6-9B0B-93EEF635FA37}.Release|Any CPU.Build.0 = Release|Any CPU
		{90C17985-EFDA-47DC-9C89-C4BB9F7E2C68}.Debug|Any CPU.ActiveCfg = Debug|Any CPU
		{90C17985-EFDA-47DC-9C89-C4BB9F7E2C68}.Debug|Any CPU.Build.0 = Debug|Any CPU
		{90C17985-EFDA-47DC-9C89-C4BB9F7E2C68}.Release|Any CPU.ActiveCfg = Release|Any CPU
		{90C17985-EFDA-47DC-9C89-C4BB9F7E2C68}.Release|Any CPU.Build.0 = Release|Any CPU
	EndGlobalSection
	GlobalSection(SolutionProperties) = preSolution
		HideSolutionNode = FALSE
	EndGlobalSection
	GlobalSection(ExtensibilityGlobals) = postSolution
		SolutionGuid = {6326970A-52FB-455A-AAEF-099BE310A7E7}
	EndGlobalSection
EndGlobal
